
Microsoft Visual Studio Solution File, Format Version 12.00
# Visual Studio Version 17
VisualStudioVersion = 17.7.34003.232
MinimumVisualStudioVersion = 10.0.40219.1
Project("{8BC9CEB8-8B4A-11D0-8D11-00A0C91BC942}") = "Example", "Example\Example.vcxproj", "{33BDC76C-0285-4C0B-945B-D874BB39FE4F}"
EndProject
Project("{8BC9CEB8-8B4A-11D0-8D11-00A0C91BC942}") = "NetBase", "NetBase\NetBase.vcxproj", "{FD3632F0-DC65-43C4-A62D-3343ADE45292}"
EndProject
Project("{8BC9CEB8-8B4A-11D0-8D11-00A0C91BC942}") = "NetClient", "NetClient\NetClient.vcxproj", "{E54D678B-5AB1-4A7A-8D48-470081A13908}"
	ProjectSection(ProjectDependencies) = postProject
		{FD3632F0-DC65-43C4-A62D-3343ADE45292} = {FD3632F0-DC65-43C4-A62D-3343ADE45292}
	EndProjectSection
EndProject
Global
	GlobalSection(SolutionConfigurationPlatforms) = preSolution
		Debug|x64 = Debug|x64
		Debug|x86 = Debug|x86
		Release|x64 = Release|x64
		Release|x86 = Release|x86
	EndGlobalSection
	GlobalSection(ProjectConfigurationPlatforms) = postSolution
		{33BDC76C-0285-4C0B-945B-D874BB39FE4F}.Debug|x64.ActiveCfg = Debug|x64
		{33BDC76C-0285-4C0B-945B-D874BB39FE4F}.Debug|x64.Build.0 = Debug|x64
		{33BDC76C-0285-4C0B-945B-D874BB39FE4F}.Debug|x86.ActiveCfg = Debug|Win32
		{33BDC76C-0285-4C0B-945B-D874BB39FE4F}.Debug|x86.Build.0 = Debug|Win32
		{33BDC76C-0285-4C0B-945B-D874BB39FE4F}.Release|x64.ActiveCfg = Release|x64
		{33BDC76C-0285-4C0B-945B-D874BB39FE4F}.Release|x64.Build.0 = Release|x64
		{33BDC76C-0285-4C0B-945B-D874BB39FE4F}.Release|x86.ActiveCfg = Release|Win32
		{33BDC76C-0285-4C0B-945B-D874BB39FE4F}.Release|x86.Build.0 = Release|Win32
		{FD3632F0-DC65-43C4-A62D-3343ADE45292}.Debug|x64.ActiveCfg = Debug|x64
		{FD3632F0-DC65-43C4-A62D-3343ADE45292}.Debug|x64.Build.0 = Debug|x64
		{FD3632F0-DC65-43C4-A62D-3343ADE45292}.Debug|x86.ActiveCfg = Debug|Win32
		{FD3632F0-DC65-43C4-A62D-3343ADE45292}.Debug|x86.Build.0 = Debug|Win32
		{FD3632F0-DC65-43C4-A62D-3343ADE45292}.Release|x64.ActiveCfg = Release|x64
		{FD3632F0-DC65-43C4-A62D-3343ADE45292}.Release|x64.Build.0 = Release|x64
		{FD3632F0-DC65-43C4-A62D-3343ADE45292}.Release|x86.ActiveCfg = Release|Win32
		{FD3632F0-DC65-43C4-A62D-3343ADE45292}.Release|x86.Build.0 = Release|Win32
		{E54D678B-5AB1-4A7A-8D48-470081A13908}.Debug|x64.ActiveCfg = Debug|x64
		{E54D678B-5AB1-4A7A-8D48-470081A13908}.Debug|x64.Build.0 = Debug|x64
		{E54D678B-5AB1-4A7A-8D48-470081A13908}.Debug|x86.ActiveCfg = Debug|Win32
		{E54D678B-5AB1-4A7A-8D48-470081A13908}.Debug|x86.Build.0 = Debug|Win32
		{E54D678B-5AB1-4A7A-8D48-470081A13908}.Release|x64.ActiveCfg = Release|x64
		{E54D678B-5AB1-4A7A-8D48-470081A13908}.Release|x64.Build.0 = Release|x64
		{E54D678B-5AB1-4A7A-8D48-470081A13908}.Release|x86.ActiveCfg = Release|Win32
		{E54D678B-5AB1-4A7A-8D48-470081A13908}.Release|x86.Build.0 = Release|Win32
	EndGlobalSection
	GlobalSection(SolutionProperties) = preSolution
		HideSolutionNode = FALSE
	EndGlobalSection
	GlobalSection(ExtensibilityGlobals) = postSolution
		SolutionGuid = {1ED6BDB2-C434-4807-AC21-FCF547D55FB7}
	EndGlobalSection
EndGlobal
